
Microsoft Visual Studio Solution File, Format Version 12.00
# Visual Studio 15
VisualStudioVersion = 15.0.28307.1000
MinimumVisualStudioVersion = 10.0.40219.1
Project("{2150E333-8FDC-42A3-9474-1A3956D46DE8}") = "tmp", "tmp", "{CAD6A829-5445-4E99-8CDB-2204044A85B9}"
	ProjectSection(SolutionItems) = preProject
		Example-ReadWriterLock.cs = Example-ReadWriterLock.cs
	EndProjectSection
EndProject
Project("{FAE04EC0-301F-11D3-BF4B-00C04F79EFBC}") = "Task01", "Task01\Task01.csproj", "{DD79C7BF-14F4-4CB5-93BC-EA338CC808A7}"
EndProject
Global
	GlobalSection(SolutionConfigurationPlatforms) = preSolution
		Debug|Any CPU = Debug|Any CPU
		Release|Any CPU = Release|Any CPU
	EndGlobalSection
	GlobalSection(ProjectConfigurationPlatforms) = postSolution
		{DD79C7BF-14F4-4CB5-93BC-EA338CC808A7}.Debug|Any CPU.ActiveCfg = Debug|Any CPU
		{DD79C7BF-14F4-4CB5-93BC-EA338CC808A7}.Debug|Any CPU.Build.0 = Debug|Any CPU
		{DD79C7BF-14F4-4CB5-93BC-EA338CC808A7}.Release|Any CPU.ActiveCfg = Release|Any CPU
		{DD79C7BF-14F4-4CB5-93BC-EA338CC808A7}.Release|Any CPU.Build.0 = Release|Any CPU
	EndGlobalSection
	GlobalSection(SolutionProperties) = preSolution
		HideSolutionNode = FALSE
	EndGlobalSection
	GlobalSection(ExtensibilityGlobals) = postSolution
		SolutionGuid = {6529D463-4A68-4A50-92C2-D9D4BF380389}
	EndGlobalSection
EndGlobal
